PODS:
  - Capacitor (7.4.4):
    - CapacitorCordova
  - CapacitorApp (7.1.1):
    - Capacitor
  - CapacitorBarcodeScanner (2.2.4):
    - Capacitor
    - OSBarcodeLib (= 2.0.1)
  - CapacitorBrowser (7.0.3):
    - Capacitor
  - CapacitorCordova (7.4.4)
  - CapacitorPreferences (7.0.3):
    - Capacitor
  - CapacitorSecureStoragePlugin (0.12.0):
    - Capacitor
    - SwiftKeychainWrapper
  - OSBarcodeLib (2.0.1)
  - SwiftKeychainWrapper (4.0.1)

DEPENDENCIES:
  - "Capacitor (from `../../../../node_modules/@capacitor/ios`)"
  - "CapacitorApp (from `../../../../node_modules/@capacitor/app`)"
  - "CapacitorBarcodeScanner (from `../../../../node_modules/@capacitor/barcode-scanner`)"
  - "CapacitorBrowser (from `../../../../node_modules/@capacitor/browser`)"
  - "CapacitorCordova (from `../../../../node_modules/@capacitor/ios`)"
  - "CapacitorPreferences (from `../../../../node_modules/@capacitor/preferences`)"
  - CapacitorSecureStoragePlugin (from `../../../../node_modules/capacitor-secure-storage-plugin`)

SPEC REPOS:
  trunk:
    - OSBarcodeLib
    - SwiftKeychainWrapper

EXTERNAL SOURCES:
  Capacitor:
    :path: "../../../../node_modules/@capacitor/ios"
  CapacitorApp:
    :path: "../../../../node_modules/@capacitor/app"
  CapacitorBarcodeScanner:
    :path: "../../../../node_modules/@capacitor/barcode-scanner"
  CapacitorBrowser:
    :path: "../../../../node_modules/@capacitor/browser"
  CapacitorCordova:
    :path: "../../../../node_modules/@capacitor/ios"
  CapacitorPreferences:
    :path: "../../../../node_modules/@capacitor/preferences"
  CapacitorSecureStoragePlugin:
    :path: "../../../../node_modules/capacitor-secure-storage-plugin"

SPEC CHECKSUMS:
  Capacitor: 358dd1c3fdd71d969547b17e159fd8a7736cb45f
  CapacitorApp: 63b237168fc869e758481dba283315a85743ee78
  CapacitorBarcodeScanner: 4e00db2f78415726d0c1f905adc11aaac6225b11
  CapacitorBrowser: b98aa3db018a2ce4c68242d27e596c344f3b81b3
  CapacitorCordova: bf648a636f3c153f652d312ae145fb508b6ffced
  CapacitorPreferences: 913eef88272c13eb6445b21e51fe8ef6635412cc
  CapacitorSecureStoragePlugin: 50de0808ad398aa401e00f9e58adf88c77cb3c25
  OSBarcodeLib: 57987d2eb1f916f701f4554e20e349b3cb83f023
  SwiftKeychainWrapper: 807ba1d63c33a7d0613288512399cd1eda1e470c

PODFILE CHECKSUM: ed81cae6356cfd83ea4f22caab0184017977c74f

COCOAPODS: 1.16.2
