PODS:
  - Capacitor (7.4.5):
    - CapacitorCordova
  - CapacitorApp (7.1.1):
    - Capacitor
  - CapacitorBarcodeScanner (2.2.4):
    - Capacitor
    - OSBarcodeLib (= 2.0.1)
  - CapacitorBrowser (7.0.3):
    - Capacitor
  - CapacitorCordova (7.4.5)
  - CapacitorHaptics (7.0.3):
    - Capacitor
  - CapacitorLocalNotifications (7.0.4):
    - Capacitor
  - CapacitorPreferences (7.0.3):
    - Capacitor
  - CapacitorPushNotifications (7.0.4):
    - Capacitor
  - CapacitorSecureStoragePlugin (0.12.0):
    - Capacitor
    - SwiftKeychainWrapper
  - OSBarcodeLib (2.0.1)
  - SwiftKeychainWrapper (4.0.1)

DEPENDENCIES:
  - "Capacitor (from `../../../../node_modules/@capacitor/ios`)"
  - "CapacitorApp (from `../../../../node_modules/@capacitor/app`)"
  - "CapacitorBarcodeScanner (from `../../../../node_modules/@capacitor/barcode-scanner`)"
  - "CapacitorBrowser (from `../../../../node_modules/@capacitor/browser`)"
  - "CapacitorCordova (from `../../../../node_modules/@capacitor/ios`)"
  - "CapacitorHaptics (from `../../../../node_modules/@capacitor/haptics`)"
  - "CapacitorLocalNotifications (from `../../../../node_modules/@capacitor/local-notifications`)"
  - "CapacitorPreferences (from `../../../../node_modules/@capacitor/preferences`)"
  - "CapacitorPushNotifications (from `../../../../node_modules/@capacitor/push-notifications`)"
  - CapacitorSecureStoragePlugin (from `../../../../node_modules/capacitor-secure-storage-plugin`)

SPEC REPOS:
  trunk:
    - OSBarcodeLib
    - SwiftKeychainWrapper

EXTERNAL SOURCES:
  Capacitor:
    :path: "../../../../node_modules/@capacitor/ios"
  CapacitorApp:
    :path: "../../../../node_modules/@capacitor/app"
  CapacitorBarcodeScanner:
    :path: "../../../../node_modules/@capacitor/barcode-scanner"
  CapacitorBrowser:
    :path: "../../../../node_modules/@capacitor/browser"
  CapacitorCordova:
    :path: "../../../../node_modules/@capacitor/ios"
  CapacitorHaptics:
    :path: "../../../../node_modules/@capacitor/haptics"
  CapacitorLocalNotifications:
    :path: "../../../../node_modules/@capacitor/local-notifications"
  CapacitorPreferences:
    :path: "../../../../node_modules/@capacitor/preferences"
  CapacitorPushNotifications:
    :path: "../../../../node_modules/@capacitor/push-notifications"
  CapacitorSecureStoragePlugin:
    :path: "../../../../node_modules/capacitor-secure-storage-plugin"

SPEC CHECKSUMS:
  Capacitor: 12914e6f1b7835e161a74ebd19cb361efa37a7dd
  CapacitorApp: 63b237168fc869e758481dba283315a85743ee78
  CapacitorBarcodeScanner: 4e00db2f78415726d0c1f905adc11aaac6225b11
  CapacitorBrowser: b98aa3db018a2ce4c68242d27e596c344f3b81b3
  CapacitorCordova: 31bbe4466000c6b86d9b7f1181ee286cff0205aa
  CapacitorHaptics: ce15be8f287fa2c61c7d2d9e958885b90cf0bebc
  CapacitorLocalNotifications: ba2a08bd92887b08f352e6b2db430575cef0cea3
  CapacitorPreferences: 913eef88272c13eb6445b21e51fe8ef6635412cc
  CapacitorPushNotifications: 7604512af53bbfdf1dd8fb2256b9ef1e8a69cdc2
  CapacitorSecureStoragePlugin: 50de0808ad398aa401e00f9e58adf88c77cb3c25
  OSBarcodeLib: 57987d2eb1f916f701f4554e20e349b3cb83f023
  SwiftKeychainWrapper: 807ba1d63c33a7d0613288512399cd1eda1e470c

PODFILE CHECKSUM: 33cd2e7273d0afff24210ac3e76bce6b4f7e645d

COCOAPODS: 1.16.2
