// !$*UTF8*$!
{
	archiveVersion = 1;
	classes = {
	};
	objectVersion = 77;
	objects = {

/* Begin PBXBuildFile section */
		07375C6E0FB269FD76F1EBC7 /* PrivacyInfo.xcprivacy in Resources */ = {isa = PBXBuildFile; fileRef = EC6BD8ABB212746BF377C59C /* PrivacyInfo.xcprivacy */; };
		2430D292FD676E64EB569585 /* Assets.xcassets in Resources */ = {isa = PBXBuildFile; fileRef = EB11A131E099B9309C58DE20 /* Assets.xcassets */; };
		6D2BC05B6E2A22A09C4240A5 /* NimbalystNative in Frameworks */ = {isa = PBXBuildFile; productRef = D41B25A54BA519221EC949FC /* NimbalystNative */; };
		8861F70DF98177EB5D6F8FAD /* DebugMenu.swift in Sources */ = {isa = PBXBuildFile; fileRef = 988E8A7EF37C4B495EEC60EB /* DebugMenu.swift */; };
		8CCF7ABD0E97B52B81EAE4BB /* ScreenshotHostView.swift in Sources */ = {isa = PBXBuildFile; fileRef = 4AD3D7B50527B2E106E5D1EA /* ScreenshotHostView.swift */; };
		D61148B64AD2C6754C306505 /* transcript-dist in Resources */ = {isa = PBXBuildFile; fileRef = CCD597478FE1DE96262222D2 /* transcript-dist */; };
		EB13BE7D51392A464842B098 /* editor-dist in Resources */ = {isa = PBXBuildFile; fileRef = 75CD8A296AB450A034395E94 /* editor-dist */; };
		FE00B6A23CEE6253684F19C8 /* NimbalystAppMain.swift in Sources */ = {isa = PBXBuildFile; fileRef = 61EF9877A6E8685EEDBAC2DB /* NimbalystAppMain.swift */; };
/* End PBXBuildFile section */

/* Begin PBXFileReference section */
		0682F97FD1E3CABA141B8DAE /* Info.plist */ = {isa = PBXFileReference; lastKnownFileType = text.plist; path = Info.plist; sourceTree = "<group>"; };
		20AF8F81DCF89FDFC6ABBD41 /* NimbalystNative */ = {isa = PBXFileReference; lastKnownFileType = folder; name = NimbalystNative; path = ../NimbalystNative; sourceTree = SOURCE_ROOT; };
		3654DBF9031AF3A4E820E5E3 /* NimbalystApp.entitlements */ = {isa = PBXFileReference; lastKnownFileType = text.plist.entitlements; path = NimbalystApp.entitlements; sourceTree = "<group>"; };
		410140D418FDDE3F17C78BB9 /* NimbalystApp.app */ = {isa = PBXFileReference; includeInIndex = 0; lastKnownFileType = wrapper.application; path = NimbalystApp.app; sourceTree = BUILT_PRODUCTS_DIR; };
		4AD3D7B50527B2E106E5D1EA /* ScreenshotHostView.swift */ = {isa = PBXFileReference; lastKnownFileType = sourcecode.swift; path = ScreenshotHostView.swift; sourceTree = "<group>"; };
		61EF9877A6E8685EEDBAC2DB /* NimbalystAppMain.swift */ = {isa = PBXFileReference; lastKnownFileType = sourcecode.swift; path = NimbalystAppMain.swift; sourceTree = "<group>"; };
		75CD8A296AB450A034395E94 /* editor-dist */ = {isa = PBXFileReference; lastKnownFileType = folder; name = "editor-dist"; path = "Resources/editor-dist"; sourceTree = SOURCE_ROOT; };
		988E8A7EF37C4B495EEC60EB /* DebugMenu.swift */ = {isa = PBXFileReference; lastKnownFileType = sourcecode.swift; path = DebugMenu.swift; sourceTree = "<group>"; };
		CCD597478FE1DE96262222D2 /* transcript-dist */ = {isa = PBXFileReference; lastKnownFileType = folder; name = "transcript-dist"; path = "Resources/transcript-dist"; sourceTree = SOURCE_ROOT; };
		EB11A131E099B9309C58DE20 /* Assets.xcassets */ = {isa = PBXFileReference; lastKnownFileType = folder.assetcatalog; path = Assets.xcassets; sourceTree = "<group>"; };
		EC6BD8ABB212746BF377C59C /* PrivacyInfo.xcprivacy */ = {isa = PBXFileReference; path = PrivacyInfo.xcprivacy; sourceTree = "<group>"; };
/* End PBXFileReference section */

/* Begin PBXFrameworksBuildPhase section */
		1CF71BE172B86741F16A20DA /* Frameworks */ = {
			isa = PBXFrameworksBuildPhase;
			buildActionMask = 2147483647;
			files = (
				6D2BC05B6E2A22A09C4240A5 /* NimbalystNative in Frameworks */,
			);
			runOnlyForDeploymentPostprocessing = 0;
		};
/* End PBXFrameworksBuildPhase section */

/* Begin PBXGroup section */
		07C2624549541CD7021395F3 /* Products */ = {
			isa = PBXGroup;
			children = (
				410140D418FDDE3F17C78BB9 /* NimbalystApp.app */,
			);
			name = Products;
			sourceTree = "<group>";
		};
		1754B47838B32C084BA3357A /* Sources */ = {
			isa = PBXGroup;
			children = (
				988E8A7EF37C4B495EEC60EB /* DebugMenu.swift */,
				0682F97FD1E3CABA141B8DAE /* Info.plist */,
				3654DBF9031AF3A4E820E5E3 /* NimbalystApp.entitlements */,
				61EF9877A6E8685EEDBAC2DB /* NimbalystAppMain.swift */,
				4AD3D7B50527B2E106E5D1EA /* ScreenshotHostView.swift */,
			);
			path = Sources;
			sourceTree = "<group>";
		};
		33BD0466F048EB13E2C029F5 = {
			isa = PBXGroup;
			children = (
				B2009E9FE9E308F63844BE32 /* Packages */,
				EEF1860C5CD8C9B355227BDB /* Resources */,
				1754B47838B32C084BA3357A /* Sources */,
				07C2624549541CD7021395F3 /* Products */,
			);
			sourceTree = "<group>";
		};
		B2009E9FE9E308F63844BE32 /* Packages */ = {
			isa = PBXGroup;
			children = (
				20AF8F81DCF89FDFC6ABBD41 /* NimbalystNative */,
			);
			name = Packages;
			sourceTree = "<group>";
		};
		EEF1860C5CD8C9B355227BDB /* Resources */ = {
			isa = PBXGroup;
			children = (
				EB11A131E099B9309C58DE20 /* Assets.xcassets */,
				75CD8A296AB450A034395E94 /* editor-dist */,
				EC6BD8ABB212746BF377C59C /* PrivacyInfo.xcprivacy */,
				CCD597478FE1DE96262222D2 /* transcript-dist */,
			);
			path = Resources;
			sourceTree = "<group>";
		};
/* End PBXGroup section */

/* Begin PBXNativeTarget section */
		B3CF4230C889EC2EB2A2E42C /* NimbalystApp */ = {
			isa = PBXNativeTarget;
			buildConfigurationList = B15D5525281076E76EC8ECCB /* Build configuration list for PBXNativeTarget "NimbalystApp" */;
			buildPhases = (
				A1281D1B3FB2BBEF46421DE4 /* Build Transcript Web Bundle */,
				48095340A952A1D8522E6E53 /* Build Editor Web Bundle */,
				50C2FEBF94050C22DD324BB5 /* Sources */,
				2F4B5CDF9CFF5BB75876454C /* Resources */,
				1CF71BE172B86741F16A20DA /* Frameworks */,
			);
			buildRules = (
			);
			dependencies = (
			);
			name = NimbalystApp;
			packageProductDependencies = (
				D41B25A54BA519221EC949FC /* NimbalystNative */,
			);
			productName = NimbalystApp;
			productReference = 410140D418FDDE3F17C78BB9 /* NimbalystApp.app */;
			productType = "com.apple.product-type.application";
		};
/* End PBXNativeTarget section */

/* Begin PBXProject section */
		DDFD0E23241DF103C04CB810 /* Project object */ = {
			isa = PBXProject;
			attributes = {
				BuildIndependentTargetsInParallel = YES;
				LastUpgradeCheck = 1600;
				TargetAttributes = {
					B3CF4230C889EC2EB2A2E42C = {
						DevelopmentTeam = X8S24QHAT9;
						ProvisioningStyle = Automatic;
					};
				};
			};
			buildConfigurationList = F3160EFC8557D8AC12B6D046 /* Build configuration list for PBXProject "NimbalystApp" */;
			compatibilityVersion = "Xcode 14.0";
			developmentRegion = en;
			hasScannedForEncodings = 0;
			knownRegions = (
				Base,
				en,
			);
			mainGroup = 33BD0466F048EB13E2C029F5;
			minimizedProjectReferenceProxies = 1;
			packageReferences = (
				ABD8257BB05FBCA15B4E04B1 /* XCLocalSwiftPackageReference "../NimbalystNative" */,
			);
			preferredProjectObjectVersion = 77;
			projectDirPath = "";
			projectRoot = "";
			targets = (
				B3CF4230C889EC2EB2A2E42C /* NimbalystApp */,
			);
		};
/* End PBXProject section */

/* Begin PBXResourcesBuildPhase section */
		2F4B5CDF9CFF5BB75876454C /* Resources */ = {
			isa = PBXResourcesBuildPhase;
			buildActionMask = 2147483647;
			files = (
				2430D292FD676E64EB569585 /* Assets.xcassets in Resources */,
				07375C6E0FB269FD76F1EBC7 /* PrivacyInfo.xcprivacy in Resources */,
				EB13BE7D51392A464842B098 /* editor-dist in Resources */,
				D61148B64AD2C6754C306505 /* transcript-dist in Resources */,
			);
			runOnlyForDeploymentPostprocessing = 0;
		};
/* End PBXResourcesBuildPhase section */

/* Begin PBXShellScriptBuildPhase section */
		48095340A952A1D8522E6E53 /* Build Editor Web Bundle */ = {
			isa = PBXShellScriptBuildPhase;
			alwaysOutOfDate = 1;
			buildActionMask = 2147483647;
			files = (
			);
			inputFileListPaths = (
			);
			inputPaths = (
			);
			name = "Build Editor Web Bundle";
			outputFileListPaths = (
			);
			outputPaths = (
			);
			runOnlyForDeploymentPostprocessing = 0;
			shellPath = /bin/sh;
			shellScript = "cd \"${SRCROOT}/..\"\nif [ -f \"node_modules/.bin/vite\" ]; then\n  npx vite build --config vite.config.editor.ts 2>&1 || echo \"Warning: Vite build failed, using existing dist\"\nfi\n# Copy editor dist to Resources (clean first to remove stale hashed assets)\nrm -rf \"${SRCROOT}/Resources/editor-dist\"\nmkdir -p \"${SRCROOT}/Resources/editor-dist\"\nif [ -d \"dist-editor\" ]; then\n  cp dist-editor/editor.html \"${SRCROOT}/Resources/editor-dist/\"\n  cp -R dist-editor/assets \"${SRCROOT}/Resources/editor-dist/\"\nfi\n";
		};
		A1281D1B3FB2BBEF46421DE4 /* Build Transcript Web Bundle */ = {
			isa = PBXShellScriptBuildPhase;
			alwaysOutOfDate = 1;
			buildActionMask = 2147483647;
			files = (
			);
			inputFileListPaths = (
			);
			inputPaths = (
			);
			name = "Build Transcript Web Bundle";
			outputFileListPaths = (
			);
			outputPaths = (
			);
			runOnlyForDeploymentPostprocessing = 0;
			shellPath = /bin/sh;
			shellScript = "cd \"${SRCROOT}/..\"\nif [ -f \"node_modules/.bin/vite\" ]; then\n  npx vite build --config vite.config.transcript.ts 2>&1 || echo \"Warning: Vite build failed, using existing dist\"\nfi\n# Copy transcript dist to Resources (clean first to remove stale hashed assets)\nrm -rf \"${SRCROOT}/Resources/transcript-dist\"\nmkdir -p \"${SRCROOT}/Resources/transcript-dist\"\nif [ -d \"dist-transcript\" ]; then\n  cp dist-transcript/transcript.html \"${SRCROOT}/Resources/transcript-dist/\"\n  cp -R dist-transcript/assets \"${SRCROOT}/Resources/transcript-dist/\"\nfi\n";
		};
/* End PBXShellScriptBuildPhase section */

/* Begin PBXSourcesBuildPhase section */
		50C2FEBF94050C22DD324BB5 /* Sources */ = {
			isa = PBXSourcesBuildPhase;
			buildActionMask = 2147483647;
			files = (
				8861F70DF98177EB5D6F8FAD /* DebugMenu.swift in Sources */,
				FE00B6A23CEE6253684F19C8 /* NimbalystAppMain.swift in Sources */,
				8CCF7ABD0E97B52B81EAE4BB /* ScreenshotHostView.swift in Sources */,
			);
			runOnlyForDeploymentPostprocessing = 0;
		};
/* End PBXSourcesBuildPhase section */

/* Begin XCBuildConfiguration section */
		551EF3EAD2AE221F0723F35E /* Release */ = {
			isa = XCBuildConfiguration;
			buildSettings = {
				ASSETCATALOG_COMPILER_APPICON_NAME = AppIcon;
				CODE_SIGN_ENTITLEMENTS = Sources/NimbalystApp.entitlements;
				CODE_SIGN_IDENTITY = "iPhone Developer";
				CODE_SIGN_STYLE = Automatic;
				INFOPLIST_FILE = Sources/Info.plist;
				LD_RUNPATH_SEARCH_PATHS = (
					"$(inherited)",
					"@executable_path/Frameworks",
				);
				PRODUCT_BUNDLE_IDENTIFIER = com.nimbalyst.app;
				SDKROOT = iphoneos;
				TARGETED_DEVICE_FAMILY = "1,2";
			};
			name = Release;
		};
		6D8C333F3078D8E1AFDCA9AD /* Debug */ = {
			isa = XCBuildConfiguration;
			buildSettings = {
				ASSETCATALOG_COMPILER_APPICON_NAME = AppIcon;
				CODE_SIGN_ENTITLEMENTS = Sources/NimbalystApp.entitlements;
				CODE_SIGN_IDENTITY = "iPhone Developer";
				CODE_SIGN_STYLE = Automatic;
				INFOPLIST_FILE = Sources/Info.plist;
				LD_RUNPATH_SEARCH_PATHS = (
					"$(inherited)",
					"@executable_path/Frameworks",
				);
				PRODUCT_BUNDLE_IDENTIFIER = com.nimbalyst.app;
				SDKROOT = iphoneos;
				TARGETED_DEVICE_FAMILY = "1,2";
			};
			name = Debug;
		};
		B2CE1483ACF05DD56F59F8D0 /* Debug */ = {
			isa = XCBuildConfiguration;
			buildSettings = {
				ALWAYS_SEARCH_USER_PATHS = NO;
				CLANG_ANALYZER_NONNULL = YES;
				CLANG_ANALYZER_NUMBER_OBJECT_CONVERSION = YES_AGGRESSIVE;
				CLANG_CXX_LANGUAGE_STANDARD = "gnu++14";
				CLANG_CXX_LIBRARY = "libc++";
				CLANG_ENABLE_MODULES = YES;
				CLANG_ENABLE_OBJC_ARC = YES;
				CLANG_ENABLE_OBJC_WEAK = YES;
				CLANG_WARN_BLOCK_CAPTURE_AUTORELEASING = YES;
				CLANG_WARN_BOOL_CONVERSION = YES;
				CLANG_WARN_COMMA = YES;
				CLANG_WARN_CONSTANT_CONVERSION = YES;
				CLANG_WARN_DEPRECATED_OBJC_IMPLEMENTATIONS = YES;
				CLANG_WARN_DIRECT_OBJC_ISA_USAGE = YES_ERROR;
				CLANG_WARN_DOCUMENTATION_COMMENTS = YES;
				CLANG_WARN_EMPTY_BODY = YES;
				CLANG_WARN_ENUM_CONVERSION = YES;
				CLANG_WARN_INFINITE_RECURSION = YES;
				CLANG_WARN_INT_CONVERSION = YES;
				CLANG_WARN_NON_LITERAL_NULL_CONVERSION = YES;
				CLANG_WARN_OBJC_IMPLICIT_RETAIN_SELF = YES;
				CLANG_WARN_OBJC_LITERAL_CONVERSION = YES;
				CLANG_WARN_OBJC_ROOT_CLASS = YES_ERROR;
				CLANG_WARN_QUOTED_INCLUDE_IN_FRAMEWORK_HEADER = YES;
				CLANG_WARN_RANGE_LOOP_ANALYSIS = YES;
				CLANG_WARN_STRICT_PROTOTYPES = YES;
				CLANG_WARN_SUSPICIOUS_MOVE = YES;
				CLANG_WARN_UNGUARDED_AVAILABILITY = YES_AGGRESSIVE;
				CLANG_WARN_UNREACHABLE_CODE = YES;
				CLANG_WARN__DUPLICATE_METHOD_MATCH = YES;
				COPY_PHASE_STRIP = NO;
				DEBUG_INFORMATION_FORMAT = dwarf;
				DEVELOPMENT_TEAM = X8S24QHAT9;
				ENABLE_STRICT_OBJC_MSGSEND = YES;
				ENABLE_TESTABILITY = YES;
				GCC_C_LANGUAGE_STANDARD = gnu11;
				GCC_DYNAMIC_NO_PIC = NO;
				GCC_NO_COMMON_BLOCKS = YES;
				GCC_OPTIMIZATION_LEVEL = 0;
				GCC_PREPROCESSOR_DEFINITIONS = (
					"$(inherited)",
					"DEBUG=1",
				);
				GCC_WARN_64_TO_32_BIT_CONVERSION = YES;
				GCC_WARN_ABOUT_RETURN_TYPE = YES_ERROR;
				GCC_WARN_UNDECLARED_SELECTOR = YES;
				GCC_WARN_UNINITIALIZED_AUTOS = YES_AGGRESSIVE;
				GCC_WARN_UNUSED_FUNCTION = YES;
				GCC_WARN_UNUSED_VARIABLE = YES;
				IPHONEOS_DEPLOYMENT_TARGET = 18.0;
				MTL_ENABLE_DEBUG_INFO = INCLUDE_SOURCE;
				MTL_FAST_MATH = YES;
				ONLY_ACTIVE_ARCH = YES;
				PRODUCT_NAME = "$(TARGET_NAME)";
				SDKROOT = iphoneos;
				SWIFT_ACTIVE_COMPILATION_CONDITIONS = DEBUG;
				SWIFT_OPTIMIZATION_LEVEL = "-Onone";
				SWIFT_VERSION = 5.9;
			};
			name = Debug;
		};
		B7D81437BD67525242AC6DA3 /* Release */ = {
			isa = XCBuildConfiguration;
			buildSettings = {
				ALWAYS_SEARCH_USER_PATHS = NO;
				CLANG_ANALYZER_NONNULL = YES;
				CLANG_ANALYZER_NUMBER_OBJECT_CONVERSION = YES_AGGRESSIVE;
				CLANG_CXX_LANGUAGE_STANDARD = "gnu++14";
				CLANG_CXX_LIBRARY = "libc++";
				CLANG_ENABLE_MODULES = YES;
				CLANG_ENABLE_OBJC_ARC = YES;
				CLANG_ENABLE_OBJC_WEAK = YES;
				CLANG_WARN_BLOCK_CAPTURE_AUTORELEASING = YES;
				CLANG_WARN_BOOL_CONVERSION = YES;
				CLANG_WARN_COMMA = YES;
				CLANG_WARN_CONSTANT_CONVERSION = YES;
				CLANG_WARN_DEPRECATED_OBJC_IMPLEMENTATIONS = YES;
				CLANG_WARN_DIRECT_OBJC_ISA_USAGE = YES_ERROR;
				CLANG_WARN_DOCUMENTATION_COMMENTS = YES;
				CLANG_WARN_EMPTY_BODY = YES;
				CLANG_WARN_ENUM_CONVERSION = YES;
				CLANG_WARN_INFINITE_RECURSION = YES;
				CLANG_WARN_INT_CONVERSION = YES;
				CLANG_WARN_NON_LITERAL_NULL_CONVERSION = YES;
				CLANG_WARN_OBJC_IMPLICIT_RETAIN_SELF = YES;
				CLANG_WARN_OBJC_LITERAL_CONVERSION = YES;
				CLANG_WARN_OBJC_ROOT_CLASS = YES_ERROR;
				CLANG_WARN_QUOTED_INCLUDE_IN_FRAMEWORK_HEADER = YES;
				CLANG_WARN_RANGE_LOOP_ANALYSIS = YES;
				CLANG_WARN_STRICT_PROTOTYPES = YES;
				CLANG_WARN_SUSPICIOUS_MOVE = YES;
				CLANG_WARN_UNGUARDED_AVAILABILITY = YES_AGGRESSIVE;
				CLANG_WARN_UNREACHABLE_CODE = YES;
				CLANG_WARN__DUPLICATE_METHOD_MATCH = YES;
				COPY_PHASE_STRIP = NO;
				DEBUG_INFORMATION_FORMAT = "dwarf-with-dsym";
				DEVELOPMENT_TEAM = X8S24QHAT9;
				ENABLE_NS_ASSERTIONS = NO;
				ENABLE_STRICT_OBJC_MSGSEND = YES;
				GCC_C_LANGUAGE_STANDARD = gnu11;
				GCC_NO_COMMON_BLOCKS = YES;
				GCC_WARN_64_TO_32_BIT_CONVERSION = YES;
				GCC_WARN_ABOUT_RETURN_TYPE = YES_ERROR;
				GCC_WARN_UNDECLARED_SELECTOR = YES;
				GCC_WARN_UNINITIALIZED_AUTOS = YES_AGGRESSIVE;
				GCC_WARN_UNUSED_FUNCTION = YES;
				GCC_WARN_UNUSED_VARIABLE = YES;
				IPHONEOS_DEPLOYMENT_TARGET = 18.0;
				MTL_ENABLE_DEBUG_INFO = NO;
				MTL_FAST_MATH = YES;
				PRODUCT_NAME = "$(TARGET_NAME)";
				SDKROOT = iphoneos;
				SWIFT_COMPILATION_MODE = wholemodule;
				SWIFT_OPTIMIZATION_LEVEL = "-O";
				SWIFT_VERSION = 5.9;
			};
			name = Release;
		};
/* End XCBuildConfiguration section */

/* Begin XCConfigurationList section */
		B15D5525281076E76EC8ECCB /* Build configuration list for PBXNativeTarget "NimbalystApp" */ = {
			isa = XCConfigurationList;
			buildConfigurations = (
				6D8C333F3078D8E1AFDCA9AD /* Debug */,
				551EF3EAD2AE221F0723F35E /* Release */,
			);
			defaultConfigurationIsVisible = 0;
			defaultConfigurationName = Debug;
		};
		F3160EFC8557D8AC12B6D046 /* Build configuration list for PBXProject "NimbalystApp" */ = {
			isa = XCConfigurationList;
			buildConfigurations = (
				B2CE1483ACF05DD56F59F8D0 /* Debug */,
				B7D81437BD67525242AC6DA3 /* Release */,
			);
			defaultConfigurationIsVisible = 0;
			defaultConfigurationName = Debug;
		};
/* End XCConfigurationList section */

/* Begin XCLocalSwiftPackageReference section */
		ABD8257BB05FBCA15B4E04B1 /* XCLocalSwiftPackageReference "../NimbalystNative" */ = {
			isa = XCLocalSwiftPackageReference;
			relativePath = ../NimbalystNative;
		};
/* End XCLocalSwiftPackageReference section */

/* Begin XCSwiftPackageProductDependency section */
		D41B25A54BA519221EC949FC /* NimbalystNative */ = {
			isa = XCSwiftPackageProductDependency;
			productName = NimbalystNative;
		};
/* End XCSwiftPackageProductDependency section */
	};
	rootObject = DDFD0E23241DF103C04CB810 /* Project object */;
}
