{
  "originHash" : "3f104f4ce7977938b5c69c0d3111882385bf4e5104782ee48bdcb29dee59fa1f",
  "pins" : [
    {
      "identity" : "grdb.swift",
      "kind" : "remoteSourceControl",
      "location" : "https://github.com/groue/GRDB.swift.git",
      "state" : {
        "revision" : "aa0079aeb82a4bf00324561a40bffe68c6fe1c26",
        "version" : "7.9.0"
      }
    },
    {
      "identity" : "posthog-ios",
      "kind" : "remoteSourceControl",
      "location" : "https://github.com/PostHog/posthog-ios.git",
      "state" : {
        "revision" : "1ba3e8636d4f1ad9f18f5a4273e88d39a162466b",
        "version" : "3.41.1"
      }
    }
  ],
  "version" : 3
}
